
Microsoft Visual Studio Solution File, Format Version 12.00
# Visual Studio 2012
Project("{FAE04EC0-301F-11D3-BF4B-00C04F79EFBC}") = "Projectify.Tests", "Projectify.Tests\Projectify.Tests.csproj", "{629887A4-8A8C-4E3F-A662-3B8C52FAFA15}"
	ProjectSection(ProjectDependencies) = postProject
		{1ED4928B-FEE3-4F49-850D-D0F67294EA6B} = {1ED4928B-FEE3-4F49-850D-D0F67294EA6B}
	EndProjectSection
EndProject
Project("{FAE04EC0-301F-11D3-BF4B-00C04F79EFBC}") = "Projectify.Web", "Projectify.Web\Projectify.Web.csproj", "{1ED4928B-FEE3-4F49-850D-D0F67294EA6B}"
EndProject
Global
	GlobalSection(SolutionConfigurationPlatforms) = preSolution
		Debug|Any CPU = Debug|Any CPU
		Release|Any CPU = Release|Any CPU
	EndGlobalSection
	GlobalSection(ProjectConfigurationPlatforms) = postSolution
		{629887A4-8A8C-4E3F-A662-3B8C52FAFA15}.Debug|Any CPU.ActiveCfg = Debug|Any CPU
		{629887A4-8A8C-4E3F-A662-3B8C52FAFA15}.Debug|Any CPU.Build.0 = Debug|Any CPU
		{629887A4-8A8C-4E3F-A662-3B8C52FAFA15}.Release|Any CPU.ActiveCfg = Release|Any CPU
		{629887A4-8A8C-4E3F-A662-3B8C52FAFA15}.Release|Any CPU.Build.0 = Release|Any CPU
		{1ED4928B-FEE3-4F49-850D-D0F67294EA6B}.Debug|Any CPU.ActiveCfg = Debug|Any CPU
		{1ED4928B-FEE3-4F49-850D-D0F67294EA6B}.Debug|Any CPU.Build.0 = Debug|Any CPU
		{1ED4928B-FEE3-4F49-850D-D0F67294EA6B}.Release|Any CPU.ActiveCfg = Release|Any CPU
		{1ED4928B-FEE3-4F49-850D-D0F67294EA6B}.Release|Any CPU.Build.0 = Release|Any CPU
	EndGlobalSection
	GlobalSection(SolutionProperties) = preSolution
		HideSolutionNode = FALSE
	EndGlobalSection
EndGlobal
